
Microsoft Visual Studio Solution File, Format Version 12.00
# Visual Studio Version 16
VisualStudioVersion = 16.0.29806.167
MinimumVisualStudioVersion = 10.0.40219.1
Project("{FAE04EC0-301F-11D3-BF4B-00C04F79EFBC}") = "Console", "Console\Console.csproj", "{FA0DFFE4-D73C-43A4-8596-E48CE0C2AFEF}"
EndProject
Global
	GlobalSection(SolutionConfigurationPlatforms) = preSolution
		Debug|Any CPU = Debug|Any CPU
		Release|Any CPU = Release|Any CPU
	EndGlobalSection
	GlobalSection(ProjectConfigurationPlatforms) = postSolution
		{FA0DFFE4-D73C-43A4-8596-E48CE0C2AFEF}.Debug|Any CPU.ActiveCfg = Debug|Any CPU
		{FA0DFFE4-D73C-43A4-8596-E48CE0C2AFEF}.Debug|Any CPU.Build.0 = Debug|Any CPU
		{FA0DFFE4-D73C-43A4-8596-E48CE0C2AFEF}.Release|Any CPU.ActiveCfg = Release|Any CPU
		{FA0DFFE4-D73C-43A4-8596-E48CE0C2AFEF}.Release|Any CPU.Build.0 = Release|Any CPU
	EndGlobalSection
	GlobalSection(SolutionProperties) = preSolution
		HideSolutionNode = FALSE
	EndGlobalSection
	GlobalSection(ExtensibilityGlobals) = postSolution
		SolutionGuid = {74508141-6CD7-4878-9061-F9D04A701AFB}
	EndGlobalSection
EndGlobal
