
Microsoft Visual Studio Solution File, Format Version 12.00
# Visual Studio Version 16
VisualStudioVersion = 16.0.29728.190
MinimumVisualStudioVersion = 10.0.40219.1
Project("{FAE04EC0-301F-11D3-BF4B-00C04F79EFBC}") = "17POO", "17POO\17POO.csproj", "{AF246772-6697-4413-B5EC-6E32D16BEF5F}"
EndProject
Global
	GlobalSection(SolutionConfigurationPlatforms) = preSolution
		Debug|Any CPU = Debug|Any CPU
		Release|Any CPU = Release|Any CPU
	EndGlobalSection
	GlobalSection(ProjectConfigurationPlatforms) = postSolution
		{AF246772-6697-4413-B5EC-6E32D16BEF5F}.Debug|Any CPU.ActiveCfg = Debug|Any CPU
		{AF246772-6697-4413-B5EC-6E32D16BEF5F}.Debug|Any CPU.Build.0 = Debug|Any CPU
		{AF246772-6697-4413-B5EC-6E32D16BEF5F}.Release|Any CPU.ActiveCfg = Release|Any CPU
		{AF246772-6697-4413-B5EC-6E32D16BEF5F}.Release|Any CPU.Build.0 = Release|Any CPU
	EndGlobalSection
	GlobalSection(SolutionProperties) = preSolution
		HideSolutionNode = FALSE
	EndGlobalSection
	GlobalSection(ExtensibilityGlobals) = postSolution
		SolutionGuid = {72DD130C-78FD-4530-9895-B53D4E95A3D0}
	EndGlobalSection
EndGlobal
