
Microsoft Visual Studio Solution File, Format Version 12.00
# Visual Studio Version 16
VisualStudioVersion = 16.0.29728.190
MinimumVisualStudioVersion = 10.0.40219.1
Project("{FAE04EC0-301F-11D3-BF4B-00C04F79EFBC}") = "09Math", "09Math\09Math.csproj", "{7E936CF3-E5F8-4530-84BA-0962861F25AD}"
EndProject
Global
	GlobalSection(SolutionConfigurationPlatforms) = preSolution
		Debug|Any CPU = Debug|Any CPU
		Release|Any CPU = Release|Any CPU
	EndGlobalSection
	GlobalSection(ProjectConfigurationPlatforms) = postSolution
		{7E936CF3-E5F8-4530-84BA-0962861F25AD}.Debug|Any CPU.ActiveCfg = Debug|Any CPU
		{7E936CF3-E5F8-4530-84BA-0962861F25AD}.Debug|Any CPU.Build.0 = Debug|Any CPU
		{7E936CF3-E5F8-4530-84BA-0962861F25AD}.Release|Any CPU.ActiveCfg = Release|Any CPU
		{7E936CF3-E5F8-4530-84BA-0962861F25AD}.Release|Any CPU.Build.0 = Release|Any CPU
	EndGlobalSection
	GlobalSection(SolutionProperties) = preSolution
		HideSolutionNode = FALSE
	EndGlobalSection
	GlobalSection(ExtensibilityGlobals) = postSolution
		SolutionGuid = {35D2CDA6-3085-44A1-ADCB-0113BA9A3EAA}
	EndGlobalSection
EndGlobal
